{
  "name": "moreyeahs-new",
  "lockfileVersion": 3,
  "requires": true,
  "packages": {
    "": {
      "dependencies": {
        "react-country-flag": "^3.1.0"
      }
    },
    "node_modules/react": {
      "version": "19.2.4",
      "resolved": "https://registry.npmjs.org/react/-/react-19.2.4.tgz",
      "integrity": "sha512-9nfp2hYpCwOjAN+8TZFGhtWEwgvWHXqESH8qT89AT/lWklpLON22Lc8pEtnpsZz7VmawabSU0gCjnj8aC0euHQ==",
      "license": "MIT",
      "peer": true,
      "engines": {
        "node": ">=0.10.0"
      }
    },
    "node_modules/react-country-flag": {
      "version": "3.1.0",
      "resolved": "https://registry.npmjs.org/react-country-flag/-/react-country-flag-3.1.0.tgz",
      "integrity": "sha512-JWQFw1efdv9sTC+TGQvTKXQg1NKbDU2mBiAiRWcKM9F1sK+/zjhP2yGmm8YDddWyZdXVkR8Md47rPMJmo4YO5g==",
      "license": "MIT",
      "engines": {
        "node": ">=12"
      },
      "peerDependencies": {
        "react": ">=16"
      }
    }
  }
}
